
Microsoft Visual Studio Solution File, Format Version 12.00
# Visual Studio Version 17
VisualStudioVersion = 17.8.34511.84
MinimumVisualStudioVersion = 10.0.40219.1
Project("{FAE04EC0-301F-11D3-BF4B-00C04F79EFBC}") = "Ejercicio7repasoStrings", "Ejercicio7repasoStrings\Ejercicio7repasoStrings.csproj", "{09B06B7C-A8B5-4D41-96BC-CF743696DB51}"
EndProject
Global
	GlobalSection(SolutionConfigurationPlatforms) = preSolution
		Debug|Any CPU = Debug|Any CPU
		Release|Any CPU = Release|Any CPU
	EndGlobalSection
	GlobalSection(ProjectConfigurationPlatforms) = postSolution
		{09B06B7C-A8B5-4D41-96BC-CF743696DB51}.Debug|Any CPU.ActiveCfg = Debug|Any CPU
		{09B06B7C-A8B5-4D41-96BC-CF743696DB51}.Debug|Any CPU.Build.0 = Debug|Any CPU
		{09B06B7C-A8B5-4D41-96BC-CF743696DB51}.Release|Any CPU.ActiveCfg = Release|Any CPU
		{09B06B7C-A8B5-4D41-96BC-CF743696DB51}.Release|Any CPU.Build.0 = Release|Any CPU
	EndGlobalSection
	GlobalSection(SolutionProperties) = preSolution
		HideSolutionNode = FALSE
	EndGlobalSection
	GlobalSection(ExtensibilityGlobals) = postSolution
		SolutionGuid = {AED73DF5-F0B4-41B3-AADC-7273D194441F}
	EndGlobalSection
EndGlobal
